
Microsoft Visual Studio Solution File, Format Version 12.00
Project("{FAE04EC0-301F-11D3-BF4B-00C04F79EFBC}") = "CbzCreator", "CbzCreator\CbzCreator.csproj", "{EFC08D80-C61C-4D3C-94A1-2916EA244313}"
EndProject
Global
	GlobalSection(SolutionConfigurationPlatforms) = preSolution
		Debug|Any CPU = Debug|Any CPU
		Release|Any CPU = Release|Any CPU
	EndGlobalSection
	GlobalSection(ProjectConfigurationPlatforms) = postSolution
		{EFC08D80-C61C-4D3C-94A1-2916EA244313}.Debug|Any CPU.ActiveCfg = Debug|Any CPU
		{EFC08D80-C61C-4D3C-94A1-2916EA244313}.Debug|Any CPU.Build.0 = Debug|Any CPU
		{EFC08D80-C61C-4D3C-94A1-2916EA244313}.Release|Any CPU.ActiveCfg = Release|Any CPU
		{EFC08D80-C61C-4D3C-94A1-2916EA244313}.Release|Any CPU.Build.0 = Release|Any CPU
	EndGlobalSection
EndGlobal
